
Microsoft Visual Studio Solution File, Format Version 12.00
# Visual Studio Version 16
VisualStudioVersion = 16.0.32510.428
MinimumVisualStudioVersion = 10.0.40219.1
Project("{9A19103F-16F7-4668-BE54-9A1E7A4F7556}") = "OperatorMonitor", "OperatorMonitor\OperatorMonitor.csproj", "{958A00D7-9218-4732-926E-5FA2AC8E449C}"
EndProject
Project("{9A19103F-16F7-4668-BE54-9A1E7A4F7556}") = "OperatorMonitor.Entity", "OperatorMonitor.Entity\OperatorMonitor.Entity.csproj", "{D2E82806-E089-47CF-8134-2F7A79F385B6}"
EndProject
Project("{9A19103F-16F7-4668-BE54-9A1E7A4F7556}") = "OperatorMonitor.Data", "OperatorMonitor.Data\OperatorMonitor.Data.csproj", "{28D95866-5A01-471A-9E4B-26814F39ADB5}"
EndProject
Project("{9A19103F-16F7-4668-BE54-9A1E7A4F7556}") = "OperatorMonitor.Business", "OperatorMonitor.Business\OperatorMonitor.Business.csproj", "{AE15936C-1DC3-4507-A75A-C6DD65A6834A}"
EndProject
Project("{9A19103F-16F7-4668-BE54-9A1E7A4F7556}") = "OperatorMonitor.Business.UnitTest", "OperatorMonitor.Business.UnitTest\OperatorMonitor.Business.UnitTest.csproj", "{7E3048DC-CE9E-454F-987A-363C5B1ECF39}"
EndProject
Global
	GlobalSection(SolutionConfigurationPlatforms) = preSolution
		Debug|Any CPU = Debug|Any CPU
		Release|Any CPU = Release|Any CPU
	EndGlobalSection
	GlobalSection(ProjectConfigurationPlatforms) = postSolution
		{958A00D7-9218-4732-926E-5FA2AC8E449C}.Debug|Any CPU.ActiveCfg = Debug|Any CPU
		{958A00D7-9218-4732-926E-5FA2AC8E449C}.Debug|Any CPU.Build.0 = Debug|Any CPU
		{958A00D7-9218-4732-926E-5FA2AC8E449C}.Release|Any CPU.ActiveCfg = Release|Any CPU
		{958A00D7-9218-4732-926E-5FA2AC8E449C}.Release|Any CPU.Build.0 = Release|Any CPU
		{D2E82806-E089-47CF-8134-2F7A79F385B6}.Debug|Any CPU.ActiveCfg = Debug|Any CPU
		{D2E82806-E089-47CF-8134-2F7A79F385B6}.Debug|Any CPU.Build.0 = Debug|Any CPU
		{D2E82806-E089-47CF-8134-2F7A79F385B6}.Release|Any CPU.ActiveCfg = Release|Any CPU
		{D2E82806-E089-47CF-8134-2F7A79F385B6}.Release|Any CPU.Build.0 = Release|Any CPU
		{28D95866-5A01-471A-9E4B-26814F39ADB5}.Debug|Any CPU.ActiveCfg = Debug|Any CPU
		{28D95866-5A01-471A-9E4B-26814F39ADB5}.Debug|Any CPU.Build.0 = Debug|Any CPU
		{28D95866-5A01-471A-9E4B-26814F39ADB5}.Release|Any CPU.ActiveCfg = Release|Any CPU
		{28D95866-5A01-471A-9E4B-26814F39ADB5}.Release|Any CPU.Build.0 = Release|Any CPU
		{AE15936C-1DC3-4507-A75A-C6DD65A6834A}.Debug|Any CPU.ActiveCfg = Debug|Any CPU
		{AE15936C-1DC3-4507-A75A-C6DD65A6834A}.Debug|Any CPU.Build.0 = Debug|Any CPU
		{AE15936C-1DC3-4507-A75A-C6DD65A6834A}.Release|Any CPU.ActiveCfg = Release|Any CPU
		{AE15936C-1DC3-4507-A75A-C6DD65A6834A}.Release|Any CPU.Build.0 = Release|Any CPU
		{7E3048DC-CE9E-454F-987A-363C5B1ECF39}.Debug|Any CPU.ActiveCfg = Debug|Any CPU
		{7E3048DC-CE9E-454F-987A-363C5B1ECF39}.Debug|Any CPU.Build.0 = Debug|Any CPU
		{7E3048DC-CE9E-454F-987A-363C5B1ECF39}.Release|Any CPU.ActiveCfg = Release|Any CPU
		{7E3048DC-CE9E-454F-987A-363C5B1ECF39}.Release|Any CPU.Build.0 = Release|Any CPU
	EndGlobalSection
	GlobalSection(SolutionProperties) = preSolution
		HideSolutionNode = FALSE
	EndGlobalSection
	GlobalSection(ExtensibilityGlobals) = postSolution
		SolutionGuid = {63CCCB4B-A840-49CE-89AF-144F2EAF1D9A}
	EndGlobalSection
EndGlobal
